
Microsoft Visual Studio Solution File, Format Version 12.00
# Visual Studio 15
VisualStudioVersion = 15.0.28010.2048
MinimumVisualStudioVersion = 10.0.40219.1
Project("{FAE04EC0-301F-11D3-BF4B-00C04F79EFBC}") = "Biblioteca", "Biblioteca\Biblioteca.csproj", "{42243F39-00BF-4651-AB74-9BAC86AE4515}"
EndProject
Global
	GlobalSection(SolutionConfigurationPlatforms) = preSolution
		Debug|Any CPU = Debug|Any CPU
		Release|Any CPU = Release|Any CPU
	EndGlobalSection
	GlobalSection(ProjectConfigurationPlatforms) = postSolution
		{42243F39-00BF-4651-AB74-9BAC86AE4515}.Debug|Any CPU.ActiveCfg = Debug|Any CPU
		{42243F39-00BF-4651-AB74-9BAC86AE4515}.Debug|Any CPU.Build.0 = Debug|Any CPU
		{42243F39-00BF-4651-AB74-9BAC86AE4515}.Release|Any CPU.ActiveCfg = Release|Any CPU
		{42243F39-00BF-4651-AB74-9BAC86AE4515}.Release|Any CPU.Build.0 = Release|Any CPU
	EndGlobalSection
	GlobalSection(SolutionProperties) = preSolution
		HideSolutionNode = FALSE
	EndGlobalSection
	GlobalSection(ExtensibilityGlobals) = postSolution
		SolutionGuid = {FCD70CF2-2ADB-430F-AEF5-11B0358710FA}
	EndGlobalSection
EndGlobal
